{
  "version": 4,
  "terraform_version": "0.12.26",
  "serial": 25,
  "lineage": "fee52224-bb12-b2ac-7866-798fb2a868d2",
  "outputs": {},
  "resources": [
    {
      "mode": "data",
      "type": "aws_ami",
      "name": "amazon-ami",
      "provider": "provider.aws",
      "instances": [
        {
          "schema_version": 0,
          "attributes": {
            "architecture": "x86_64",
            "block_device_mappings": [
              {
                "device_name": "/dev/xvda",
                "ebs": {
                  "delete_on_termination": "true",
                  "encrypted": "false",
                  "iops": "0",
                  "snapshot_id": "snap-0509c0bcb0f983fe2",
                  "volume_size": "8",
                  "volume_type": "gp2"
                },
                "no_device": "",
                "virtual_name": ""
              },
              {
                "device_name": "/dev/xvdcz",
                "ebs": {
                  "delete_on_termination": "true",
                  "encrypted": "false",
                  "iops": "0",
                  "snapshot_id": "",
                  "volume_size": "22",
                  "volume_type": "gp2"
                },
                "no_device": "",
                "virtual_name": ""
              }
            ],
            "creation_date": "2020-06-04T00:08:07.000Z",
            "description": "Amazon Linux AMI amzn-ami-2018.03.20200603 x86_64 ECS HVM GP2",
            "executable_users": null,
            "filter": [
              {
                "name": "name",
                "values": [
                  "*amazon-ecs-optimized"
                ]
              },
              {
                "name": "virtualization-type",
                "values": [
                  "hvm"
                ]
              }
            ],
            "hypervisor": "xen",
            "id": "ami-066f41adad7527ef6",
            "image_id": "ami-066f41adad7527ef6",
            "image_location": "amazon/amzn-ami-2018.03.20200603-amazon-ecs-optimized",
            "image_owner_alias": "amazon",
            "image_type": "machine",
            "kernel_id": null,
            "most_recent": true,
            "name": "amzn-ami-2018.03.20200603-amazon-ecs-optimized",
            "name_regex": null,
            "owner_id": "591542846629",
            "owners": [
              "591542846629"
            ],
            "platform": null,
            "product_codes": [],
            "public": true,
            "ramdisk_id": null,
            "root_device_name": "/dev/xvda",
            "root_device_type": "ebs",
            "root_snapshot_id": "snap-0509c0bcb0f983fe2",
            "sriov_net_support": "simple",
            "state": "available",
            "state_reason": {
              "code": "UNSET",
              "message": "UNSET"
            },
            "tags": {},
            "virtualization_type": "hvm"
          }
        }
      ]
    },
    {
      "mode": "managed",
      "type": "aws_internet_gateway",
      "name": "swarm-gw",
      "provider": "provider.aws",
      "instances": [
        {
          "schema_version": 0,
          "attributes": {
            "id": "igw-0640d7a1662a28764",
            "owner_id": "664576603111",
            "tags": {
              "Created_With": "CloudSkiff",
              "Name": "swarm gateway"
            },
            "vpc_id": "vpc-05cf29bd1ea681915"
          },
          "private": "bnVsbA==",
          "dependencies": [
            "aws_vpc.swarm-vpc"
          ]
        }
      ]
    },
    {
      "mode": "managed",
      "type": "aws_route_table",
      "name": "swarm-rt",
      "provider": "provider.aws",
      "instances": [
        {
          "schema_version": 0,
          "attributes": {
            "id": "rtb-095fbd1c7407b24a1",
            "owner_id": "664576603111",
            "propagating_vgws": [],
            "route": [
              {
                "cidr_block": "0.0.0.0/0",
                "egress_only_gateway_id": "",
                "gateway_id": "igw-0640d7a1662a28764",
                "instance_id": "",
                "ipv6_cidr_block": "",
                "nat_gateway_id": "",
                "network_interface_id": "",
                "transit_gateway_id": "",
                "vpc_peering_connection_id": ""
              }
            ],
            "tags": {
              "Created_With": "CloudSkiff",
              "Name": "swarm-route-table"
            },
            "vpc_id": "vpc-05cf29bd1ea681915"
          },
          "private": "bnVsbA==",
          "dependencies": [
            "aws_internet_gateway.swarm-gw",
            "aws_vpc.swarm-vpc"
          ]
        }
      ]
    },
    {
      "mode": "managed",
      "type": "aws_route_table_association",
      "name": "route_table_assoc",
      "provider": "provider.aws",
      "instances": [
        {
          "schema_version": 0,
          "attributes": {
            "gateway_id": null,
            "id": "rtbassoc-0881103bda1c9139b",
            "route_table_id": "rtb-095fbd1c7407b24a1",
            "subnet_id": "subnet-0dc8ccd0dd13b79c7"
          },
          "private": "bnVsbA==",
          "dependencies": [
            "aws_route_table.swarm-rt",
            "aws_subnet.swarm-subnet"
          ]
        }
      ]
    },
    {
      "mode": "managed",
      "type": "aws_security_group",
      "name": "swarm-security-group",
      "provider": "provider.aws",
      "instances": [
        {
          "schema_version": 1,
          "attributes": {
            "arn": "arn:aws:ec2:eu-west-2:664576603111:security-group/sg-0b2dd791047976a89",
            "description": "Allow docker swarm traffic",
            "egress": [],
            "id": "sg-0b2dd791047976a89",
            "ingress": [],
            "name": "swarm_sg",
            "name_prefix": null,
            "owner_id": "664576603111",
            "revoke_rules_on_delete": false,
            "tags": {
              "Created_With": "CloudSkiff",
              "Name": "allow_swarm_traffic"
            },
            "timeouts": null,
            "vpc_id": "vpc-05cf29bd1ea681915"
          },
          "private": "eyJlMmJmYjczMC1lY2FhLTExZTYtOGY4OC0zNDM2M2JjN2M0YzAiOnsiY3JlYXRlIjo2MDAwMDAwMDAwMDAsImRlbGV0ZSI6NjAwMDAwMDAwMDAwfSwic2NoZW1hX3ZlcnNpb24iOiIxIn0=",
          "dependencies": [
            "aws_vpc.swarm-vpc"
          ]
        }
      ]
    },
    {
      "mode": "managed",
      "type": "aws_subnet",
      "name": "swarm-subnet",
      "provider": "provider.aws",
      "instances": [
        {
          "schema_version": 1,
          "attributes": {
            "arn": "arn:aws:ec2:eu-west-2:664576603111:subnet/subnet-0dc8ccd0dd13b79c7",
            "assign_ipv6_address_on_creation": false,
            "availability_zone": "eu-west-2a",
            "availability_zone_id": "euw2-az2",
            "cidr_block": "10.0.1.0/24",
            "id": "subnet-0dc8ccd0dd13b79c7",
            "ipv6_cidr_block": "",
            "ipv6_cidr_block_association_id": "",
            "map_public_ip_on_launch": false,
            "outpost_arn": "",
            "owner_id": "664576603111",
            "tags": {
              "Created_With": "CloudSkiff",
              "Name": "swarm-subnet"
            },
            "timeouts": null,
            "vpc_id": "vpc-05cf29bd1ea681915"
          },
          "private": "eyJlMmJmYjczMC1lY2FhLTExZTYtOGY4OC0zNDM2M2JjN2M0YzAiOnsiY3JlYXRlIjo2MDAwMDAwMDAwMDAsImRlbGV0ZSI6MTIwMDAwMDAwMDAwMH0sInNjaGVtYV92ZXJzaW9uIjoiMSJ9",
          "dependencies": [
            "aws_vpc.swarm-vpc"
          ]
        }
      ]
    },
    {
      "mode": "managed",
      "type": "aws_vpc",
      "name": "swarm-vpc",
      "provider": "provider.aws",
      "instances": [
        {
          "schema_version": 1,
          "attributes": {
            "arn": "arn:aws:ec2:eu-west-2:664576603111:vpc/vpc-05cf29bd1ea681915",
            "assign_generated_ipv6_cidr_block": false,
            "cidr_block": "10.0.0.0/16",
            "default_network_acl_id": "acl-0c4e6d45b456c2514",
            "default_route_table_id": "rtb-09b449e7567b4adce",
            "default_security_group_id": "sg-0c3258b7688c48091",
            "dhcp_options_id": "dopt-db7b14b3",
            "enable_classiclink": null,
            "enable_classiclink_dns_support": null,
            "enable_dns_hostnames": false,
            "enable_dns_support": true,
            "id": "vpc-05cf29bd1ea681915",
            "instance_tenancy": "dedicated",
            "ipv6_association_id": "",
            "ipv6_cidr_block": "",
            "main_route_table_id": "rtb-09b449e7567b4adce",
            "owner_id": "664576603111",
            "tags": {
              "Created_With": "CloudSkiff",
              "Name": "swarm-vpc"
            }
          },
          "private": "eyJzY2hlbWFfdmVyc2lvbiI6IjEifQ=="
        }
      ]
    }
  ]
}
